
Microsoft Visual Studio Solution File, Format Version 12.00
# Visual Studio Version 17
VisualStudioVersion = 17.5.33424.131
MinimumVisualStudioVersion = 10.0.40219.1
Project("{FAE04EC0-301F-11D3-BF4B-00C04F79EFBC}") = "MyEmail", "MyEmail\MyEmail.csproj", "{CA3972FA-576B-4F6F-B267-F87BD7D413F2}"
EndProject
Global
	GlobalSection(SolutionConfigurationPlatforms) = preSolution
		Debug|Any CPU = Debug|Any CPU
		Release|Any CPU = Release|Any CPU
	EndGlobalSection
	GlobalSection(ProjectConfigurationPlatforms) = postSolution
		{CA3972FA-576B-4F6F-B267-F87BD7D413F2}.Debug|Any CPU.ActiveCfg = Debug|Any CPU
		{CA3972FA-576B-4F6F-B267-F87BD7D413F2}.Debug|Any CPU.Build.0 = Debug|Any CPU
		{CA3972FA-576B-4F6F-B267-F87BD7D413F2}.Release|Any CPU.ActiveCfg = Release|Any CPU
		{CA3972FA-576B-4F6F-B267-F87BD7D413F2}.Release|Any CPU.Build.0 = Release|Any CPU
	EndGlobalSection
	GlobalSection(SolutionProperties) = preSolution
		HideSolutionNode = FALSE
	EndGlobalSection
	GlobalSection(ExtensibilityGlobals) = postSolution
		SolutionGuid = {543E98BC-B6FA-4186-9949-E5CC9EA72E48}
	EndGlobalSection
EndGlobal
